
Microsoft Visual Studio Solution File, Format Version 12.00
# Visual Studio Version 16
VisualStudioVersion = 16.0.31025.194
MinimumVisualStudioVersion = 10.0.40219.1
Project("{FAE04EC0-301F-11D3-BF4B-00C04F79EFBC}") = "Homework", "Homework\Homework.csproj", "{7FA6F4B8-CAC7-4E06-95B6-2EA5796DCB6B}"
EndProject
Global
	GlobalSection(SolutionConfigurationPlatforms) = preSolution
		Debug|Any CPU = Debug|Any CPU
		Release|Any CPU = Release|Any CPU
	EndGlobalSection
	GlobalSection(ProjectConfigurationPlatforms) = postSolution
		{7FA6F4B8-CAC7-4E06-95B6-2EA5796DCB6B}.Debug|Any CPU.ActiveCfg = Debug|Any CPU
		{7FA6F4B8-CAC7-4E06-95B6-2EA5796DCB6B}.Debug|Any CPU.Build.0 = Debug|Any CPU
		{7FA6F4B8-CAC7-4E06-95B6-2EA5796DCB6B}.Release|Any CPU.ActiveCfg = Release|Any CPU
		{7FA6F4B8-CAC7-4E06-95B6-2EA5796DCB6B}.Release|Any CPU.Build.0 = Release|Any CPU
	EndGlobalSection
	GlobalSection(SolutionProperties) = preSolution
		HideSolutionNode = FALSE
	EndGlobalSection
	GlobalSection(ExtensibilityGlobals) = postSolution
		SolutionGuid = {F7269D9F-67DC-4ED2-A15D-24558E05F066}
	EndGlobalSection
EndGlobal
